
Microsoft Visual Studio Solution File, Format Version 12.00
# Visual Studio Version 17
VisualStudioVersion = 17.3.32819.101
MinimumVisualStudioVersion = 10.0.40219.1
Project("{FAE04EC0-301F-11D3-BF4B-00C04F79EFBC}") = "LibraryWebApp", "LibraryWebApp.csproj", "{FC72BD2B-4A47-4FC3-8677-C577DF4657F9}"
EndProject
Global
	GlobalSection(SolutionConfigurationPlatforms) = preSolution
		Debug|Any CPU = Debug|Any CPU
		Release|Any CPU = Release|Any CPU
	EndGlobalSection
	GlobalSection(ProjectConfigurationPlatforms) = postSolution
		{FC72BD2B-4A47-4FC3-8677-C577DF4657F9}.Debug|Any CPU.ActiveCfg = Debug|Any CPU
		{FC72BD2B-4A47-4FC3-8677-C577DF4657F9}.Debug|Any CPU.Build.0 = Debug|Any CPU
		{FC72BD2B-4A47-4FC3-8677-C577DF4657F9}.Release|Any CPU.ActiveCfg = Release|Any CPU
		{FC72BD2B-4A47-4FC3-8677-C577DF4657F9}.Release|Any CPU.Build.0 = Release|Any CPU
	EndGlobalSection
	GlobalSection(SolutionProperties) = preSolution
		HideSolutionNode = FALSE
	EndGlobalSection
	GlobalSection(ExtensibilityGlobals) = postSolution
		SolutionGuid = {1BF94F1E-A4CD-4036-B698-C0208B57BF9C}
	EndGlobalSection
EndGlobal
